
Microsoft Visual Studio Solution File, Format Version 12.00
Project("{FAE04EC0-301F-11D3-BF4B-00C04F79EFBC}") = "SocialNetwork", "SocialNetwork\SocialNetwork.csproj", "{1E83F371-8D31-4EC5-984E-AAA8E99FF7FE}"
EndProject
Global
	GlobalSection(SolutionConfigurationPlatforms) = preSolution
		Debug|Any CPU = Debug|Any CPU
		Release|Any CPU = Release|Any CPU
	EndGlobalSection
	GlobalSection(ProjectConfigurationPlatforms) = postSolution
		{1E83F371-8D31-4EC5-984E-AAA8E99FF7FE}.Debug|Any CPU.ActiveCfg = Debug|Any CPU
		{1E83F371-8D31-4EC5-984E-AAA8E99FF7FE}.Debug|Any CPU.Build.0 = Debug|Any CPU
		{1E83F371-8D31-4EC5-984E-AAA8E99FF7FE}.Release|Any CPU.ActiveCfg = Release|Any CPU
		{1E83F371-8D31-4EC5-984E-AAA8E99FF7FE}.Release|Any CPU.Build.0 = Release|Any CPU
	EndGlobalSection
EndGlobal
